
Microsoft Visual Studio Solution File, Format Version 12.00
# Visual Studio Version 17
VisualStudioVersion = 17.6.33723.286
MinimumVisualStudioVersion = 10.0.40219.1
Project("{FAE04EC0-301F-11D3-BF4B-00C04F79EFBC}") = "AdvanceAPIjwt", "AdvanceAPIjwt\AdvanceAPIjwt.csproj", "{199A05F6-D4E8-4EC2-A0B4-FFCE85DCE013}"
EndProject
Global
	GlobalSection(SolutionConfigurationPlatforms) = preSolution
		Debug|Any CPU = Debug|Any CPU
		Release|Any CPU = Release|Any CPU
	EndGlobalSection
	GlobalSection(ProjectConfigurationPlatforms) = postSolution
		{199A05F6-D4E8-4EC2-A0B4-FFCE85DCE013}.Debug|Any CPU.ActiveCfg = Debug|Any CPU
		{199A05F6-D4E8-4EC2-A0B4-FFCE85DCE013}.Debug|Any CPU.Build.0 = Debug|Any CPU
		{199A05F6-D4E8-4EC2-A0B4-FFCE85DCE013}.Release|Any CPU.ActiveCfg = Release|Any CPU
		{199A05F6-D4E8-4EC2-A0B4-FFCE85DCE013}.Release|Any CPU.Build.0 = Release|Any CPU
	EndGlobalSection
	GlobalSection(SolutionProperties) = preSolution
		HideSolutionNode = FALSE
	EndGlobalSection
	GlobalSection(ExtensibilityGlobals) = postSolution
		SolutionGuid = {D07E1E1F-496B-4FC4-AC2D-28943F226798}
	EndGlobalSection
EndGlobal
